// !$*UTF8*$!
{
	archiveVersion = 1;
	classes = {
	};
	objectVersion = 51;
	objects = {

/* Begin PBXBuildFile section */
		068AF3E8264E4D4B005A0162 /* AppDelegate.swift in Sources */ = {isa = PBXBuildFile; fileRef = 068AF3E7264E4D4B005A0162 /* AppDelegate.swift */; };
		068AF3EA264E4D4B005A0162 /* SceneDelegate.swift in Sources */ = {isa = PBXBuildFile; fileRef = 068AF3E9264E4D4B005A0162 /* SceneDelegate.swift */; };
		068AF3EC264E4D4B005A0162 /* ConvoViewController.swift in Sources */ = {isa = PBXBuildFile; fileRef = 068AF3EB264E4D4B005A0162 /* ConvoViewController.swift */; };
		068AF3EF264E4D4B005A0162 /* Main.storyboard in Resources */ = {isa = PBXBuildFile; fileRef = 068AF3ED264E4D4B005A0162 /* Main.storyboard */; };
		068AF3F1264E4D50005A0162 /* Assets.xcassets in Resources */ = {isa = PBXBuildFile; fileRef = 068AF3F0264E4D50005A0162 /* Assets.xcassets */; };
		068AF3F4264E4D50005A0162 /* LaunchScreen.storyboard in Resources */ = {isa = PBXBuildFile; fileRef = 068AF3F2264E4D50005A0162 /* LaunchScreen.storyboard */; };
		068AF402264E4F86005A0162 /* LoginViewController.swift in Sources */ = {isa = PBXBuildFile; fileRef = 068AF401264E4F86005A0162 /* LoginViewController.swift */; };
		068AF404264E4F95005A0162 /* RegisterViewController.swift in Sources */ = {isa = PBXBuildFile; fileRef = 068AF403264E4F95005A0162 /* RegisterViewController.swift */; };
		068AF406264E4FB1005A0162 /* PhotoViewerViewController.swift in Sources */ = {isa = PBXBuildFile; fileRef = 068AF405264E4FB1005A0162 /* PhotoViewerViewController.swift */; };
		068AF408264E4FB9005A0162 /* VideoPlayerViewController.swift in Sources */ = {isa = PBXBuildFile; fileRef = 068AF407264E4FB9005A0162 /* VideoPlayerViewController.swift */; };
		068AF40A264E4FDA005A0162 /* NewConversationViewController.swift in Sources */ = {isa = PBXBuildFile; fileRef = 068AF409264E4FDA005A0162 /* NewConversationViewController.swift */; };
		068AF40C264E4FE8005A0162 /* ProfileViewController.swift in Sources */ = {isa = PBXBuildFile; fileRef = 068AF40B264E4FE8005A0162 /* ProfileViewController.swift */; };
		068AF410264E5B1A005A0162 /* Extensions.swift in Sources */ = {isa = PBXBuildFile; fileRef = 068AF40F264E5B1A005A0162 /* Extensions.swift */; };
		068AF412264EAC1B005A0162 /* GoogleService-Info.plist in Resources */ = {isa = PBXBuildFile; fileRef = 068AF411264EAC1B005A0162 /* GoogleService-Info.plist */; };
		068AF414264EB778005A0162 /* DatabaseManager.swift in Sources */ = {isa = PBXBuildFile; fileRef = 068AF413264EB778005A0162 /* DatabaseManager.swift */; };
		4D8C3141E0CB7578D4BB0A77 /* Pods_PeakyChats.framework in Frameworks */ = {isa = PBXBuildFile; fileRef = F9EDC2F6C3711F9814787B7B /* Pods_PeakyChats.framework */; };
/* End PBXBuildFile section */

/* Begin PBXFileReference section */
		068AF3E4264E4D4B005A0162 /* PeakyChats.app */ = {isa = PBXFileReference; explicitFileType = wrapper.application; includeInIndex = 0; path = PeakyChats.app; sourceTree = BUILT_PRODUCTS_DIR; };
		068AF3E7264E4D4B005A0162 /* AppDelegate.swift */ = {isa = PBXFileReference; lastKnownFileType = sourcecode.swift; path = AppDelegate.swift; sourceTree = "<group>"; };
		068AF3E9264E4D4B005A0162 /* SceneDelegate.swift */ = {isa = PBXFileReference; lastKnownFileType = sourcecode.swift; path = SceneDelegate.swift; sourceTree = "<group>"; };
		068AF3EB264E4D4B005A0162 /* ConvoViewController.swift */ = {isa = PBXFileReference; lastKnownFileType = sourcecode.swift; path = ConvoViewController.swift; sourceTree = "<group>"; };
		068AF3EE264E4D4B005A0162 /* Base */ = {isa = PBXFileReference; lastKnownFileType = file.storyboard; name = Base; path = Base.lproj/Main.storyboard; sourceTree = "<group>"; };
		068AF3F0264E4D50005A0162 /* Assets.xcassets */ = {isa = PBXFileReference; lastKnownFileType = folder.assetcatalog; path = Assets.xcassets; sourceTree = "<group>"; };
		068AF3F3264E4D50005A0162 /* Base */ = {isa = PBXFileReference; lastKnownFileType = file.storyboard; name = Base; path = Base.lproj/LaunchScreen.storyboard; sourceTree = "<group>"; };
		068AF3F5264E4D50005A0162 /* Info.plist */ = {isa = PBXFileReference; lastKnownFileType = text.plist.xml; path = Info.plist; sourceTree = "<group>"; };
		068AF401264E4F86005A0162 /* LoginViewController.swift */ = {isa = PBXFileReference; lastKnownFileType = sourcecode.swift; path = LoginViewController.swift; sourceTree = "<group>"; };
		068AF403264E4F95005A0162 /* RegisterViewController.swift */ = {isa = PBXFileReference; lastKnownFileType = sourcecode.swift; path = RegisterViewController.swift; sourceTree = "<group>"; };
		068AF405264E4FB1005A0162 /* PhotoViewerViewController.swift */ = {isa = PBXFileReference; lastKnownFileType = sourcecode.swift; path = PhotoViewerViewController.swift; sourceTree = "<group>"; };
		068AF407264E4FB9005A0162 /* VideoPlayerViewController.swift */ = {isa = PBXFileReference; lastKnownFileType = sourcecode.swift; path = VideoPlayerViewController.swift; sourceTree = "<group>"; };
		068AF409264E4FDA005A0162 /* NewConversationViewController.swift */ = {isa = PBXFileReference; lastKnownFileType = sourcecode.swift; path = NewConversationViewController.swift; sourceTree = "<group>"; };
		068AF40B264E4FE8005A0162 /* ProfileViewController.swift */ = {isa = PBXFileReference; lastKnownFileType = sourcecode.swift; path = ProfileViewController.swift; sourceTree = "<group>"; };
		068AF40F264E5B1A005A0162 /* Extensions.swift */ = {isa = PBXFileReference; lastKnownFileType = sourcecode.swift; path = Extensions.swift; sourceTree = "<group>"; };
		068AF411264EAC1B005A0162 /* GoogleService-Info.plist */ = {isa = PBXFileReference; fileEncoding = 4; lastKnownFileType = text.plist.xml; path = "GoogleService-Info.plist"; sourceTree = "<group>"; };
		068AF413264EB778005A0162 /* DatabaseManager.swift */ = {isa = PBXFileReference; lastKnownFileType = sourcecode.swift; path = DatabaseManager.swift; sourceTree = "<group>"; };
		376A77F5EB1A24FEBAECC70A /* Pods-PeakyChats.debug.xcconfig */ = {isa = PBXFileReference; includeInIndex = 1; lastKnownFileType = text.xcconfig; name = "Pods-PeakyChats.debug.xcconfig"; path = "Target Support Files/Pods-PeakyChats/Pods-PeakyChats.debug.xcconfig"; sourceTree = "<group>"; };
		5492AF8B39C7B0D0529927CE /* Pods-PeakyChats.release.xcconfig */ = {isa = PBXFileReference; includeInIndex = 1; lastKnownFileType = text.xcconfig; name = "Pods-PeakyChats.release.xcconfig"; path = "Target Support Files/Pods-PeakyChats/Pods-PeakyChats.release.xcconfig"; sourceTree = "<group>"; };
		F9EDC2F6C3711F9814787B7B /* Pods_PeakyChats.framework */ = {isa = PBXFileReference; explicitFileType = wrapper.framework; includeInIndex = 0; path = Pods_PeakyChats.framework; sourceTree = BUILT_PRODUCTS_DIR; };
/* End PBXFileReference section */

/* Begin PBXFrameworksBuildPhase section */
		068AF3E1264E4D4B005A0162 /* Frameworks */ = {
			isa = PBXFrameworksBuildPhase;
			buildActionMask = 2147483647;
			files = (
				4D8C3141E0CB7578D4BB0A77 /* Pods_PeakyChats.framework in Frameworks */,
			);
			runOnlyForDeploymentPostprocessing = 0;
		};
/* End PBXFrameworksBuildPhase section */

/* Begin PBXGroup section */
		068AF3DB264E4D4A005A0162 = {
			isa = PBXGroup;
			children = (
				068AF3E6264E4D4B005A0162 /* PeakyChats */,
				068AF3E5264E4D4B005A0162 /* Products */,
				6CF8C58ABC6F5805A8D876C9 /* Pods */,
				2BB2745D3061922CB529C126 /* Frameworks */,
			);
			sourceTree = "<group>";
		};
		068AF3E5264E4D4B005A0162 /* Products */ = {
			isa = PBXGroup;
			children = (
				068AF3E4264E4D4B005A0162 /* PeakyChats.app */,
			);
			name = Products;
			sourceTree = "<group>";
		};
		068AF3E6264E4D4B005A0162 /* PeakyChats */ = {
			isa = PBXGroup;
			children = (
				068AF411264EAC1B005A0162 /* GoogleService-Info.plist */,
				068AF3FF264E4E27005A0162 /* Resources */,
				068AF3FE264E4E1D005A0162 /* ViewModels */,
				068AF3FD264E4E18005A0162 /* Models */,
				068AF3FC264E4E13005A0162 /* Views */,
				068AF3FB264E4E0B005A0162 /* Controllers */,
				068AF3F5264E4D50005A0162 /* Info.plist */,
			);
			path = PeakyChats;
			sourceTree = "<group>";
		};
		068AF3FB264E4E0B005A0162 /* Controllers */ = {
			isa = PBXGroup;
			children = (
				068AF3EB264E4D4B005A0162 /* ConvoViewController.swift */,
				068AF40E264E5283005A0162 /* Login */,
				068AF405264E4FB1005A0162 /* PhotoViewerViewController.swift */,
				068AF407264E4FB9005A0162 /* VideoPlayerViewController.swift */,
				068AF409264E4FDA005A0162 /* NewConversationViewController.swift */,
				068AF40B264E4FE8005A0162 /* ProfileViewController.swift */,
			);
			path = Controllers;
			sourceTree = "<group>";
		};
		068AF3FC264E4E13005A0162 /* Views */ = {
			isa = PBXGroup;
			children = (
				068AF400264E4E6B005A0162 /* Storyboards */,
				068AF3F0264E4D50005A0162 /* Assets.xcassets */,
			);
			path = Views;
			sourceTree = "<group>";
		};
		068AF3FD264E4E18005A0162 /* Models */ = {
			isa = PBXGroup;
			children = (
			);
			path = Models;
			sourceTree = "<group>";
		};
		068AF3FE264E4E1D005A0162 /* ViewModels */ = {
			isa = PBXGroup;
			children = (
			);
			path = ViewModels;
			sourceTree = "<group>";
		};
		068AF3FF264E4E27005A0162 /* Resources */ = {
			isa = PBXGroup;
			children = (
				068AF3E7264E4D4B005A0162 /* AppDelegate.swift */,
				068AF3E9264E4D4B005A0162 /* SceneDelegate.swift */,
				068AF40F264E5B1A005A0162 /* Extensions.swift */,
				068AF413264EB778005A0162 /* DatabaseManager.swift */,
			);
			path = Resources;
			sourceTree = "<group>";
		};
		068AF400264E4E6B005A0162 /* Storyboards */ = {
			isa = PBXGroup;
			children = (
				068AF3ED264E4D4B005A0162 /* Main.storyboard */,
				068AF3F2264E4D50005A0162 /* LaunchScreen.storyboard */,
			);
			path = Storyboards;
			sourceTree = "<group>";
		};
		068AF40E264E5283005A0162 /* Login */ = {
			isa = PBXGroup;
			children = (
				068AF401264E4F86005A0162 /* LoginViewController.swift */,
				068AF403264E4F95005A0162 /* RegisterViewController.swift */,
			);
			path = Login;
			sourceTree = "<group>";
		};
		2BB2745D3061922CB529C126 /* Frameworks */ = {
			isa = PBXGroup;
			children = (
				F9EDC2F6C3711F9814787B7B /* Pods_PeakyChats.framework */,
			);
			name = Frameworks;
			sourceTree = "<group>";
		};
		6CF8C58ABC6F5805A8D876C9 /* Pods */ = {
			isa = PBXGroup;
			children = (
				376A77F5EB1A24FEBAECC70A /* Pods-PeakyChats.debug.xcconfig */,
				5492AF8B39C7B0D0529927CE /* Pods-PeakyChats.release.xcconfig */,
			);
			path = Pods;
			sourceTree = "<group>";
		};
/* End PBXGroup section */

/* Begin PBXNativeTarget section */
		068AF3E3264E4D4B005A0162 /* PeakyChats */ = {
			isa = PBXNativeTarget;
			buildConfigurationList = 068AF3F8264E4D50005A0162 /* Build configuration list for PBXNativeTarget "PeakyChats" */;
			buildPhases = (
				00330F8241E91C735FD28819 /* [CP] Check Pods Manifest.lock */,
				068AF3E0264E4D4B005A0162 /* Sources */,
				068AF3E1264E4D4B005A0162 /* Frameworks */,
				068AF3E2264E4D4B005A0162 /* Resources */,
				BC94B26C008B87F887B9631C /* [CP] Embed Pods Frameworks */,
				AF40527EF46C10B005E87078 /* [CP] Copy Pods Resources */,
			);
			buildRules = (
			);
			dependencies = (
			);
			name = PeakyChats;
			productName = PeakyChats;
			productReference = 068AF3E4264E4D4B005A0162 /* PeakyChats.app */;
			productType = "com.apple.product-type.application";
		};
/* End PBXNativeTarget section */

/* Begin PBXProject section */
		068AF3DC264E4D4A005A0162 /* Project object */ = {
			isa = PBXProject;
			attributes = {
				LastSwiftUpdateCheck = 1250;
				LastUpgradeCheck = 1250;
				TargetAttributes = {
					068AF3E3264E4D4B005A0162 = {
						CreatedOnToolsVersion = 12.5;
					};
				};
			};
			buildConfigurationList = 068AF3DF264E4D4A005A0162 /* Build configuration list for PBXProject "PeakyChats" */;
			compatibilityVersion = "Xcode 9.3";
			developmentRegion = en;
			hasScannedForEncodings = 0;
			knownRegions = (
				en,
				Base,
			);
			mainGroup = 068AF3DB264E4D4A005A0162;
			productRefGroup = 068AF3E5264E4D4B005A0162 /* Products */;
			projectDirPath = "";
			projectRoot = "";
			targets = (
				068AF3E3264E4D4B005A0162 /* PeakyChats */,
			);
		};
/* End PBXProject section */

/* Begin PBXResourcesBuildPhase section */
		068AF3E2264E4D4B005A0162 /* Resources */ = {
			isa = PBXResourcesBuildPhase;
			buildActionMask = 2147483647;
			files = (
				068AF3F4264E4D50005A0162 /* LaunchScreen.storyboard in Resources */,
				068AF412264EAC1B005A0162 /* GoogleService-Info.plist in Resources */,
				068AF3F1264E4D50005A0162 /* Assets.xcassets in Resources */,
				068AF3EF264E4D4B005A0162 /* Main.storyboard in Resources */,
			);
			runOnlyForDeploymentPostprocessing = 0;
		};
/* End PBXResourcesBuildPhase section */

/* Begin PBXShellScriptBuildPhase section */
		00330F8241E91C735FD28819 /* [CP] Check Pods Manifest.lock */ = {
			isa = PBXShellScriptBuildPhase;
			buildActionMask = 2147483647;
			files = (
			);
			inputFileListPaths = (
			);
			inputPaths = (
				"${PODS_PODFILE_DIR_PATH}/Podfile.lock",
				"${PODS_ROOT}/Manifest.lock",
			);
			name = "[CP] Check Pods Manifest.lock";
			outputFileListPaths = (
			);
			outputPaths = (
				"$(DERIVED_FILE_DIR)/Pods-PeakyChats-checkManifestLockResult.txt",
			);
			runOnlyForDeploymentPostprocessing = 0;
			shellPath = /bin/sh;
			shellScript = "diff \"${PODS_PODFILE_DIR_PATH}/Podfile.lock\" \"${PODS_ROOT}/Manifest.lock\" > /dev/null\nif [ $? != 0 ] ; then\n    # print error to STDERR\n    echo \"error: The sandbox is not in sync with the Podfile.lock. Run 'pod install' or update your CocoaPods installation.\" >&2\n    exit 1\nfi\n# This output is used by Xcode 'outputs' to avoid re-running this script phase.\necho \"SUCCESS\" > \"${SCRIPT_OUTPUT_FILE_0}\"\n";
			showEnvVarsInLog = 0;
		};
		AF40527EF46C10B005E87078 /* [CP] Copy Pods Resources */ = {
			isa = PBXShellScriptBuildPhase;
			buildActionMask = 2147483647;
			files = (
			);
			inputFileListPaths = (
				"${PODS_ROOT}/Target Support Files/Pods-PeakyChats/Pods-PeakyChats-resources-${CONFIGURATION}-input-files.xcfilelist",
			);
			name = "[CP] Copy Pods Resources";
			outputFileListPaths = (
				"${PODS_ROOT}/Target Support Files/Pods-PeakyChats/Pods-PeakyChats-resources-${CONFIGURATION}-output-files.xcfilelist",
			);
			runOnlyForDeploymentPostprocessing = 0;
			shellPath = /bin/sh;
			shellScript = "\"${PODS_ROOT}/Target Support Files/Pods-PeakyChats/Pods-PeakyChats-resources.sh\"\n";
			showEnvVarsInLog = 0;
		};
		BC94B26C008B87F887B9631C /* [CP] Embed Pods Frameworks */ = {
			isa = PBXShellScriptBuildPhase;
			buildActionMask = 2147483647;
			files = (
			);
			inputFileListPaths = (
				"${PODS_ROOT}/Target Support Files/Pods-PeakyChats/Pods-PeakyChats-frameworks-${CONFIGURATION}-input-files.xcfilelist",
			);
			name = "[CP] Embed Pods Frameworks";
			outputFileListPaths = (
				"${PODS_ROOT}/Target Support Files/Pods-PeakyChats/Pods-PeakyChats-frameworks-${CONFIGURATION}-output-files.xcfilelist",
			);
			runOnlyForDeploymentPostprocessing = 0;
			shellPath = /bin/sh;
			shellScript = "\"${PODS_ROOT}/Target Support Files/Pods-PeakyChats/Pods-PeakyChats-frameworks.sh\"\n";
			showEnvVarsInLog = 0;
		};
/* End PBXShellScriptBuildPhase section */

/* Begin PBXSourcesBuildPhase section */
		068AF3E0264E4D4B005A0162 /* Sources */ = {
			isa = PBXSourcesBuildPhase;
			buildActionMask = 2147483647;
			files = (
				068AF402264E4F86005A0162 /* LoginViewController.swift in Sources */,
				068AF414264EB778005A0162 /* DatabaseManager.swift in Sources */,
				068AF404264E4F95005A0162 /* RegisterViewController.swift in Sources */,
				068AF40A264E4FDA005A0162 /* NewConversationViewController.swift in Sources */,
				068AF3EC264E4D4B005A0162 /* ConvoViewController.swift in Sources */,
				068AF408264E4FB9005A0162 /* VideoPlayerViewController.swift in Sources */,
				068AF410264E5B1A005A0162 /* Extensions.swift in Sources */,
				068AF3E8264E4D4B005A0162 /* AppDelegate.swift in Sources */,
				068AF40C264E4FE8005A0162 /* ProfileViewController.swift in Sources */,
				068AF3EA264E4D4B005A0162 /* SceneDelegate.swift in Sources */,
				068AF406264E4FB1005A0162 /* PhotoViewerViewController.swift in Sources */,
			);
			runOnlyForDeploymentPostprocessing = 0;
		};
/* End PBXSourcesBuildPhase section */

/* Begin PBXVariantGroup section */
		068AF3ED264E4D4B005A0162 /* Main.storyboard */ = {
			isa = PBXVariantGroup;
			children = (
				068AF3EE264E4D4B005A0162 /* Base */,
			);
			name = Main.storyboard;
			sourceTree = "<group>";
		};
		068AF3F2264E4D50005A0162 /* LaunchScreen.storyboard */ = {
			isa = PBXVariantGroup;
			children = (
				068AF3F3264E4D50005A0162 /* Base */,
			);
			name = LaunchScreen.storyboard;
			sourceTree = "<group>";
		};
/* End PBXVariantGroup section */

/* Begin XCBuildConfiguration section */
		068AF3F6264E4D50005A0162 /* Debug */ = {
			isa = XCBuildConfiguration;
			buildSettings = {
				ALWAYS_SEARCH_USER_PATHS = NO;
				CLANG_ANALYZER_NONNULL = YES;
				CLANG_ANALYZER_NUMBER_OBJECT_CONVERSION = YES_AGGRESSIVE;
				CLANG_CXX_LANGUAGE_STANDARD = "gnu++14";
				CLANG_CXX_LIBRARY = "libc++";
				CLANG_ENABLE_MODULES = YES;
				CLANG_ENABLE_OBJC_ARC = YES;
				CLANG_ENABLE_OBJC_WEAK = YES;
				CLANG_WARN_BLOCK_CAPTURE_AUTORELEASING = YES;
				CLANG_WARN_BOOL_CONVERSION = YES;
				CLANG_WARN_COMMA = YES;
				CLANG_WARN_CONSTANT_CONVERSION = YES;
				CLANG_WARN_DEPRECATED_OBJC_IMPLEMENTATIONS = YES;
				CLANG_WARN_DIRECT_OBJC_ISA_USAGE = YES_ERROR;
				CLANG_WARN_DOCUMENTATION_COMMENTS = YES;
				CLANG_WARN_EMPTY_BODY = YES;
				CLANG_WARN_ENUM_CONVERSION = YES;
				CLANG_WARN_INFINITE_RECURSION = YES;
				CLANG_WARN_INT_CONVERSION = YES;
				CLANG_WARN_NON_LITERAL_NULL_CONVERSION = YES;
				CLANG_WARN_OBJC_IMPLICIT_RETAIN_SELF = YES;
				CLANG_WARN_OBJC_LITERAL_CONVERSION = YES;
				CLANG_WARN_OBJC_ROOT_CLASS = YES_ERROR;
				CLANG_WARN_QUOTED_INCLUDE_IN_FRAMEWORK_HEADER = YES;
				CLANG_WARN_RANGE_LOOP_ANALYSIS = YES;
				CLANG_WARN_STRICT_PROTOTYPES = YES;
				CLANG_WARN_SUSPICIOUS_MOVE = YES;
				CLANG_WARN_UNGUARDED_AVAILABILITY = YES_AGGRESSIVE;
				CLANG_WARN_UNREACHABLE_CODE = YES;
				CLANG_WARN__DUPLICATE_METHOD_MATCH = YES;
				COPY_PHASE_STRIP = NO;
				DEBUG_INFORMATION_FORMAT = dwarf;
				ENABLE_STRICT_OBJC_MSGSEND = YES;
				ENABLE_TESTABILITY = YES;
				GCC_C_LANGUAGE_STANDARD = gnu11;
				GCC_DYNAMIC_NO_PIC = NO;
				GCC_NO_COMMON_BLOCKS = YES;
				GCC_OPTIMIZATION_LEVEL = 0;
				GCC_PREPROCESSOR_DEFINITIONS = (
					"DEBUG=1",
					"$(inherited)",
				);
				GCC_WARN_64_TO_32_BIT_CONVERSION = YES;
				GCC_WARN_ABOUT_RETURN_TYPE = YES_ERROR;
				GCC_WARN_UNDECLARED_SELECTOR = YES;
				GCC_WARN_UNINITIALIZED_AUTOS = YES_AGGRESSIVE;
				GCC_WARN_UNUSED_FUNCTION = YES;
				GCC_WARN_UNUSED_VARIABLE = YES;
				IPHONEOS_DEPLOYMENT_TARGET = 14.5;
				MTL_ENABLE_DEBUG_INFO = INCLUDE_SOURCE;
				MTL_FAST_MATH = YES;
				ONLY_ACTIVE_ARCH = YES;
				SDKROOT = iphoneos;
				SWIFT_ACTIVE_COMPILATION_CONDITIONS = DEBUG;
				SWIFT_OPTIMIZATION_LEVEL = "-Onone";
			};
			name = Debug;
		};
		068AF3F7264E4D50005A0162 /* Release */ = {
			isa = XCBuildConfiguration;
			buildSettings = {
				ALWAYS_SEARCH_USER_PATHS = NO;
				CLANG_ANALYZER_NONNULL = YES;
				CLANG_ANALYZER_NUMBER_OBJECT_CONVERSION = YES_AGGRESSIVE;
				CLANG_CXX_LANGUAGE_STANDARD = "gnu++14";
				CLANG_CXX_LIBRARY = "libc++";
				CLANG_ENABLE_MODULES = YES;
				CLANG_ENABLE_OBJC_ARC = YES;
				CLANG_ENABLE_OBJC_WEAK = YES;
				CLANG_WARN_BLOCK_CAPTURE_AUTORELEASING = YES;
				CLANG_WARN_BOOL_CONVERSION = YES;
				CLANG_WARN_COMMA = YES;
				CLANG_WARN_CONSTANT_CONVERSION = YES;
				CLANG_WARN_DEPRECATED_OBJC_IMPLEMENTATIONS = YES;
				CLANG_WARN_DIRECT_OBJC_ISA_USAGE = YES_ERROR;
				CLANG_WARN_DOCUMENTATION_COMMENTS = YES;
				CLANG_WARN_EMPTY_BODY = YES;
				CLANG_WARN_ENUM_CONVERSION = YES;
				CLANG_WARN_INFINITE_RECURSION = YES;
				CLANG_WARN_INT_CONVERSION = YES;
				CLANG_WARN_NON_LITERAL_NULL_CONVERSION = YES;
				CLANG_WARN_OBJC_IMPLICIT_RETAIN_SELF = YES;
				CLANG_WARN_OBJC_LITERAL_CONVERSION = YES;
				CLANG_WARN_OBJC_ROOT_CLASS = YES_ERROR;
				CLANG_WARN_QUOTED_INCLUDE_IN_FRAMEWORK_HEADER = YES;
				CLANG_WARN_RANGE_LOOP_ANALYSIS = YES;
				CLANG_WARN_STRICT_PROTOTYPES = YES;
				CLANG_WARN_SUSPICIOUS_MOVE = YES;
				CLANG_WARN_UNGUARDED_AVAILABILITY = YES_AGGRESSIVE;
				CLANG_WARN_UNREACHABLE_CODE = YES;
				CLANG_WARN__DUPLICATE_METHOD_MATCH = YES;
				COPY_PHASE_STRIP = NO;
				DEBUG_INFORMATION_FORMAT = "dwarf-with-dsym";
				ENABLE_NS_ASSERTIONS = NO;
				ENABLE_STRICT_OBJC_MSGSEND = YES;
				GCC_C_LANGUAGE_STANDARD = gnu11;
				GCC_NO_COMMON_BLOCKS = YES;
				GCC_WARN_64_TO_32_BIT_CONVERSION = YES;
				GCC_WARN_ABOUT_RETURN_TYPE = YES_ERROR;
				GCC_WARN_UNDECLARED_SELECTOR = YES;
				GCC_WARN_UNINITIALIZED_AUTOS = YES_AGGRESSIVE;
				GCC_WARN_UNUSED_FUNCTION = YES;
				GCC_WARN_UNUSED_VARIABLE = YES;
				IPHONEOS_DEPLOYMENT_TARGET = 14.5;
				MTL_ENABLE_DEBUG_INFO = NO;
				MTL_FAST_MATH = YES;
				SDKROOT = iphoneos;
				SWIFT_COMPILATION_MODE = wholemodule;
				SWIFT_OPTIMIZATION_LEVEL = "-O";
				VALIDATE_PRODUCT = YES;
			};
			name = Release;
		};
		068AF3F9264E4D50005A0162 /* Debug */ = {
			isa = XCBuildConfiguration;
			baseConfigurationReference = 376A77F5EB1A24FEBAECC70A /* Pods-PeakyChats.debug.xcconfig */;
			buildSettings = {
				ASSETCATALOG_COMPILER_APPICON_NAME = AppIcon;
				ASSETCATALOG_COMPILER_GLOBAL_ACCENT_COLOR_NAME = AccentColor;
				CODE_SIGN_STYLE = Automatic;
				DEVELOPMENT_TEAM = 95M27FGARZ;
				INFOPLIST_FILE = PeakyChats/Info.plist;
				IPHONEOS_DEPLOYMENT_TARGET = 13.0;
				LD_RUNPATH_SEARCH_PATHS = (
					"$(inherited)",
					"@executable_path/Frameworks",
				);
				PRODUCT_BUNDLE_IDENTIFIER = nishant.PeakyChats;
				PRODUCT_NAME = "$(TARGET_NAME)";
				SWIFT_VERSION = 5.0;
				TARGETED_DEVICE_FAMILY = "1,2";
			};
			name = Debug;
		};
		068AF3FA264E4D50005A0162 /* Release */ = {
			isa = XCBuildConfiguration;
			baseConfigurationReference = 5492AF8B39C7B0D0529927CE /* Pods-PeakyChats.release.xcconfig */;
			buildSettings = {
				ASSETCATALOG_COMPILER_APPICON_NAME = AppIcon;
				ASSETCATALOG_COMPILER_GLOBAL_ACCENT_COLOR_NAME = AccentColor;
				CODE_SIGN_STYLE = Automatic;
				DEVELOPMENT_TEAM = 95M27FGARZ;
				INFOPLIST_FILE = PeakyChats/Info.plist;
				IPHONEOS_DEPLOYMENT_TARGET = 13.0;
				LD_RUNPATH_SEARCH_PATHS = (
					"$(inherited)",
					"@executable_path/Frameworks",
				);
				PRODUCT_BUNDLE_IDENTIFIER = nishant.PeakyChats;
				PRODUCT_NAME = "$(TARGET_NAME)";
				SWIFT_VERSION = 5.0;
				TARGETED_DEVICE_FAMILY = "1,2";
			};
			name = Release;
		};
/* End XCBuildConfiguration section */

/* Begin XCConfigurationList section */
		068AF3DF264E4D4A005A0162 /* Build configuration list for PBXProject "PeakyChats" */ = {
			isa = XCConfigurationList;
			buildConfigurations = (
				068AF3F6264E4D50005A0162 /* Debug */,
				068AF3F7264E4D50005A0162 /* Release */,
			);
			defaultConfigurationIsVisible = 0;
			defaultConfigurationName = Release;
		};
		068AF3F8264E4D50005A0162 /* Build configuration list for PBXNativeTarget "PeakyChats" */ = {
			isa = XCConfigurationList;
			buildConfigurations = (
				068AF3F9264E4D50005A0162 /* Debug */,
				068AF3FA264E4D50005A0162 /* Release */,
			);
			defaultConfigurationIsVisible = 0;
			defaultConfigurationName = Release;
		};
/* End XCConfigurationList section */
	};
	rootObject = 068AF3DC264E4D4A005A0162 /* Project object */;
}
